// !$*UTF8*$!
{
	archiveVersion = 1;
	classes = {
	};
	objectVersion = 50;
	objects = {

/* Begin PBXBuildFile section */
		71027FDE2678F3B700824C7A /* ItemInfoTableViewCell.swift in Sources */ = {isa = PBXBuildFile; fileRef = 71027FDD2678F3B700824C7A /* ItemInfoTableViewCell.swift */; };
		71027FE02678F3CB00824C7A /* ItemSizeAndColorInfoTableViewCell.swift in Sources */ = {isa = PBXBuildFile; fileRef = 71027FDF2678F3CB00824C7A /* ItemSizeAndColorInfoTableViewCell.swift */; };
		71027FE22678F40800824C7A /* ItemOtherInfoTableViewCell.swift in Sources */ = {isa = PBXBuildFile; fileRef = 71027FE12678F40800824C7A /* ItemOtherInfoTableViewCell.swift */; };
		71027FE72678FC3C00824C7A /* NSMutableAttributedString.swift in Sources */ = {isa = PBXBuildFile; fileRef = 71027FE62678FC3C00824C7A /* NSMutableAttributedString.swift */; };
		71027FE92678FC5E00824C7A /* UIColor.swift in Sources */ = {isa = PBXBuildFile; fileRef = 71027FE82678FC5E00824C7A /* UIColor.swift */; };
		71027FEB2678FC6700824C7A /* UIAlertController.swift in Sources */ = {isa = PBXBuildFile; fileRef = 71027FEA2678FC6700824C7A /* UIAlertController.swift */; };
		71027FED2678FC9200824C7A /* UIFont.swift in Sources */ = {isa = PBXBuildFile; fileRef = 71027FEC2678FC9200824C7A /* UIFont.swift */; };
		71027FF02679058900824C7A /* PaddingLabel.swift in Sources */ = {isa = PBXBuildFile; fileRef = 71027FEF2679058900824C7A /* PaddingLabel.swift */; };
		71027FF3267911C000824C7A /* ProductItemModel.swift in Sources */ = {isa = PBXBuildFile; fileRef = 71027FF2267911C000824C7A /* ProductItemModel.swift */; };
		71027FF5267912D500824C7A /* ItemViewViewModel.swift in Sources */ = {isa = PBXBuildFile; fileRef = 71027FF4267912D500824C7A /* ItemViewViewModel.swift */; };
		71027FF7267912ED00824C7A /* ItemViewProtocol.swift in Sources */ = {isa = PBXBuildFile; fileRef = 71027FF6267912ED00824C7A /* ItemViewProtocol.swift */; };
		7135E4D02677985600EF83AD /* ItemViewController.swift in Sources */ = {isa = PBXBuildFile; fileRef = 7135E4CF2677985600EF83AD /* ItemViewController.swift */; };
		714D4F88267787FF0042204C /* AppDelegate.swift in Sources */ = {isa = PBXBuildFile; fileRef = 714D4F87267787FF0042204C /* AppDelegate.swift */; };
		714D4F8A267787FF0042204C /* SceneDelegate.swift in Sources */ = {isa = PBXBuildFile; fileRef = 714D4F89267787FF0042204C /* SceneDelegate.swift */; };
		714D4F8C267787FF0042204C /* ViewController.swift in Sources */ = {isa = PBXBuildFile; fileRef = 714D4F8B267787FF0042204C /* ViewController.swift */; };
		714D4F91267788010042204C /* Assets.xcassets in Resources */ = {isa = PBXBuildFile; fileRef = 714D4F90267788010042204C /* Assets.xcassets */; };
		714D4F94267788010042204C /* LaunchScreen.storyboard in Resources */ = {isa = PBXBuildFile; fileRef = 714D4F92267788010042204C /* LaunchScreen.storyboard */; };
		715E415E267A39D3008D2E64 /* TileCollectionViewCell.swift in Sources */ = {isa = PBXBuildFile; fileRef = 715E415D267A39D3008D2E64 /* TileCollectionViewCell.swift */; };
		715E4160267A560B008D2E64 /* VerticalTileOtherInfoCollectionViewCell.swift in Sources */ = {isa = PBXBuildFile; fileRef = 715E415F267A560B008D2E64 /* VerticalTileOtherInfoCollectionViewCell.swift */; };
		717825FD267C601700C6D167 /* ItemDetailCaraouselTableViewCell.swift in Sources */ = {isa = PBXBuildFile; fileRef = 717825FC267C601700C6D167 /* ItemDetailCaraouselTableViewCell.swift */; };
		717C2433267D0BD600ABECED /* ItemShippingInfoTableViewCell.swift in Sources */ = {isa = PBXBuildFile; fileRef = 717C2432267D0BD600ABECED /* ItemShippingInfoTableViewCell.swift */; };
		717C2435267D244500ABECED /* CardView.swift in Sources */ = {isa = PBXBuildFile; fileRef = 717C2434267D244500ABECED /* CardView.swift */; };
		717C2437267D29BE00ABECED /* ViewUtils.swift in Sources */ = {isa = PBXBuildFile; fileRef = 717C2436267D29BE00ABECED /* ViewUtils.swift */; };
		717C2439267D2C5000ABECED /* ItemViewControllerRouter.swift in Sources */ = {isa = PBXBuildFile; fileRef = 717C2438267D2C5000ABECED /* ItemViewControllerRouter.swift */; };
		717E7A1D267D8C2C000DCFCE /* NetworkService.swift in Sources */ = {isa = PBXBuildFile; fileRef = 717E7A1C267D8C2C000DCFCE /* NetworkService.swift */; };
		717E7A1F267D8CC6000DCFCE /* CustomLoadingIndicatorView.swift in Sources */ = {isa = PBXBuildFile; fileRef = 717E7A1E267D8CC6000DCFCE /* CustomLoadingIndicatorView.swift */; };
		717E7A21267D8E54000DCFCE /* BadgeButton.swift in Sources */ = {isa = PBXBuildFile; fileRef = 717E7A20267D8E54000DCFCE /* BadgeButton.swift */; };
		717E7A2B267E3530000DCFCE /* ItemsDetailViewViewModel.swift in Sources */ = {isa = PBXBuildFile; fileRef = 717E7A2A267E3530000DCFCE /* ItemsDetailViewViewModel.swift */; };
		717E7A2D267E3554000DCFCE /* ItemsDetailViewprotocol.swift in Sources */ = {isa = PBXBuildFile; fileRef = 717E7A2C267E3554000DCFCE /* ItemsDetailViewprotocol.swift */; };
		717E7A2F267E3704000DCFCE /* ItemsDetailViewRouter.swift in Sources */ = {isa = PBXBuildFile; fileRef = 717E7A2E267E3704000DCFCE /* ItemsDetailViewRouter.swift */; };
		717E7A36267E4213000DCFCE /* ProductItemTableViewCell.swift in Sources */ = {isa = PBXBuildFile; fileRef = 717E7A35267E4213000DCFCE /* ProductItemTableViewCell.swift */; };
		717E7A38267E4287000DCFCE /* UIImageView.swift in Sources */ = {isa = PBXBuildFile; fileRef = 717E7A37267E4287000DCFCE /* UIImageView.swift */; };
		717E7A3A267E51C5000DCFCE /* ProductViewControllerProtocol.swift in Sources */ = {isa = PBXBuildFile; fileRef = 717E7A39267E51C5000DCFCE /* ProductViewControllerProtocol.swift */; };
		717E7A3C267E5252000DCFCE /* ProductViewControllerRouter.swift in Sources */ = {isa = PBXBuildFile; fileRef = 717E7A3B267E5252000DCFCE /* ProductViewControllerRouter.swift */; };
		717E7A3E267E531F000DCFCE /* ProductViewControllerViewModel.swift in Sources */ = {isa = PBXBuildFile; fileRef = 717E7A3D267E531F000DCFCE /* ProductViewControllerViewModel.swift */; };
		71EA2588267B928400A245BF /* ItemsDetailViewController.swift in Sources */ = {isa = PBXBuildFile; fileRef = 71EA2587267B928400A245BF /* ItemsDetailViewController.swift */; };
/* End PBXBuildFile section */

/* Begin PBXFileReference section */
		71027FDD2678F3B700824C7A /* ItemInfoTableViewCell.swift */ = {isa = PBXFileReference; lastKnownFileType = sourcecode.swift; path = ItemInfoTableViewCell.swift; sourceTree = "<group>"; };
		71027FDF2678F3CB00824C7A /* ItemSizeAndColorInfoTableViewCell.swift */ = {isa = PBXFileReference; lastKnownFileType = sourcecode.swift; path = ItemSizeAndColorInfoTableViewCell.swift; sourceTree = "<group>"; };
		71027FE12678F40800824C7A /* ItemOtherInfoTableViewCell.swift */ = {isa = PBXFileReference; lastKnownFileType = sourcecode.swift; path = ItemOtherInfoTableViewCell.swift; sourceTree = "<group>"; };
		71027FE62678FC3C00824C7A /* NSMutableAttributedString.swift */ = {isa = PBXFileReference; fileEncoding = 4; lastKnownFileType = sourcecode.swift; path = NSMutableAttributedString.swift; sourceTree = "<group>"; };
		71027FE82678FC5E00824C7A /* UIColor.swift */ = {isa = PBXFileReference; fileEncoding = 4; lastKnownFileType = sourcecode.swift; path = UIColor.swift; sourceTree = "<group>"; };
		71027FEA2678FC6700824C7A /* UIAlertController.swift */ = {isa = PBXFileReference; fileEncoding = 4; lastKnownFileType = sourcecode.swift; path = UIAlertController.swift; sourceTree = "<group>"; };
		71027FEC2678FC9200824C7A /* UIFont.swift */ = {isa = PBXFileReference; fileEncoding = 4; lastKnownFileType = sourcecode.swift; path = UIFont.swift; sourceTree = "<group>"; };
		71027FEF2679058900824C7A /* PaddingLabel.swift */ = {isa = PBXFileReference; fileEncoding = 4; lastKnownFileType = sourcecode.swift; path = PaddingLabel.swift; sourceTree = "<group>"; };
		71027FF2267911C000824C7A /* ProductItemModel.swift */ = {isa = PBXFileReference; lastKnownFileType = sourcecode.swift; path = ProductItemModel.swift; sourceTree = "<group>"; };
		71027FF4267912D500824C7A /* ItemViewViewModel.swift */ = {isa = PBXFileReference; lastKnownFileType = sourcecode.swift; path = ItemViewViewModel.swift; sourceTree = "<group>"; };
		71027FF6267912ED00824C7A /* ItemViewProtocol.swift */ = {isa = PBXFileReference; lastKnownFileType = sourcecode.swift; path = ItemViewProtocol.swift; sourceTree = "<group>"; };
		7135E4CF2677985600EF83AD /* ItemViewController.swift */ = {isa = PBXFileReference; lastKnownFileType = sourcecode.swift; path = ItemViewController.swift; sourceTree = "<group>"; };
		714D4F84267787FF0042204C /* DemoShoppingAppUI.app */ = {isa = PBXFileReference; explicitFileType = wrapper.application; includeInIndex = 0; path = DemoShoppingAppUI.app; sourceTree = BUILT_PRODUCTS_DIR; };
		714D4F87267787FF0042204C /* AppDelegate.swift */ = {isa = PBXFileReference; lastKnownFileType = sourcecode.swift; path = AppDelegate.swift; sourceTree = "<group>"; };
		714D4F89267787FF0042204C /* SceneDelegate.swift */ = {isa = PBXFileReference; lastKnownFileType = sourcecode.swift; path = SceneDelegate.swift; sourceTree = "<group>"; };
		714D4F8B267787FF0042204C /* ViewController.swift */ = {isa = PBXFileReference; lastKnownFileType = sourcecode.swift; path = ViewController.swift; sourceTree = "<group>"; };
		714D4F90267788010042204C /* Assets.xcassets */ = {isa = PBXFileReference; lastKnownFileType = folder.assetcatalog; path = Assets.xcassets; sourceTree = "<group>"; };
		714D4F93267788010042204C /* Base */ = {isa = PBXFileReference; lastKnownFileType = file.storyboard; name = Base; path = Base.lproj/LaunchScreen.storyboard; sourceTree = "<group>"; };
		714D4F95267788010042204C /* Info.plist */ = {isa = PBXFileReference; lastKnownFileType = text.plist.xml; path = Info.plist; sourceTree = "<group>"; };
		715E415D267A39D3008D2E64 /* TileCollectionViewCell.swift */ = {isa = PBXFileReference; fileEncoding = 4; lastKnownFileType = sourcecode.swift; path = TileCollectionViewCell.swift; sourceTree = "<group>"; };
		715E415F267A560B008D2E64 /* VerticalTileOtherInfoCollectionViewCell.swift */ = {isa = PBXFileReference; lastKnownFileType = sourcecode.swift; path = VerticalTileOtherInfoCollectionViewCell.swift; sourceTree = "<group>"; };
		717825FC267C601700C6D167 /* ItemDetailCaraouselTableViewCell.swift */ = {isa = PBXFileReference; lastKnownFileType = sourcecode.swift; path = ItemDetailCaraouselTableViewCell.swift; sourceTree = "<group>"; };
		717C2432267D0BD600ABECED /* ItemShippingInfoTableViewCell.swift */ = {isa = PBXFileReference; lastKnownFileType = sourcecode.swift; path = ItemShippingInfoTableViewCell.swift; sourceTree = "<group>"; };
		717C2434267D244500ABECED /* CardView.swift */ = {isa = PBXFileReference; fileEncoding = 4; lastKnownFileType = sourcecode.swift; path = CardView.swift; sourceTree = "<group>"; };
		717C2436267D29BE00ABECED /* ViewUtils.swift */ = {isa = PBXFileReference; fileEncoding = 4; lastKnownFileType = sourcecode.swift; path = ViewUtils.swift; sourceTree = "<group>"; };
		717C2438267D2C5000ABECED /* ItemViewControllerRouter.swift */ = {isa = PBXFileReference; lastKnownFileType = sourcecode.swift; path = ItemViewControllerRouter.swift; sourceTree = "<group>"; };
		717E7A1C267D8C2C000DCFCE /* NetworkService.swift */ = {isa = PBXFileReference; fileEncoding = 4; lastKnownFileType = sourcecode.swift; path = NetworkService.swift; sourceTree = "<group>"; };
		717E7A1E267D8CC6000DCFCE /* CustomLoadingIndicatorView.swift */ = {isa = PBXFileReference; fileEncoding = 4; lastKnownFileType = sourcecode.swift; path = CustomLoadingIndicatorView.swift; sourceTree = "<group>"; };
		717E7A20267D8E54000DCFCE /* BadgeButton.swift */ = {isa = PBXFileReference; fileEncoding = 4; lastKnownFileType = sourcecode.swift; path = BadgeButton.swift; sourceTree = "<group>"; };
		717E7A2A267E3530000DCFCE /* ItemsDetailViewViewModel.swift */ = {isa = PBXFileReference; lastKnownFileType = sourcecode.swift; path = ItemsDetailViewViewModel.swift; sourceTree = "<group>"; };
		717E7A2C267E3554000DCFCE /* ItemsDetailViewprotocol.swift */ = {isa = PBXFileReference; lastKnownFileType = sourcecode.swift; path = ItemsDetailViewprotocol.swift; sourceTree = "<group>"; };
		717E7A2E267E3704000DCFCE /* ItemsDetailViewRouter.swift */ = {isa = PBXFileReference; lastKnownFileType = sourcecode.swift; path = ItemsDetailViewRouter.swift; sourceTree = "<group>"; };
		717E7A35267E4213000DCFCE /* ProductItemTableViewCell.swift */ = {isa = PBXFileReference; lastKnownFileType = sourcecode.swift; path = ProductItemTableViewCell.swift; sourceTree = "<group>"; };
		717E7A37267E4287000DCFCE /* UIImageView.swift */ = {isa = PBXFileReference; fileEncoding = 4; lastKnownFileType = sourcecode.swift; path = UIImageView.swift; sourceTree = "<group>"; };
		717E7A39267E51C5000DCFCE /* ProductViewControllerProtocol.swift */ = {isa = PBXFileReference; lastKnownFileType = sourcecode.swift; path = ProductViewControllerProtocol.swift; sourceTree = "<group>"; };
		717E7A3B267E5252000DCFCE /* ProductViewControllerRouter.swift */ = {isa = PBXFileReference; lastKnownFileType = sourcecode.swift; path = ProductViewControllerRouter.swift; sourceTree = "<group>"; };
		717E7A3D267E531F000DCFCE /* ProductViewControllerViewModel.swift */ = {isa = PBXFileReference; lastKnownFileType = sourcecode.swift; path = ProductViewControllerViewModel.swift; sourceTree = "<group>"; };
		71EA2587267B928400A245BF /* ItemsDetailViewController.swift */ = {isa = PBXFileReference; lastKnownFileType = sourcecode.swift; path = ItemsDetailViewController.swift; sourceTree = "<group>"; };
/* End PBXFileReference section */

/* Begin PBXFrameworksBuildPhase section */
		714D4F81267787FF0042204C /* Frameworks */ = {
			isa = PBXFrameworksBuildPhase;
			buildActionMask = 2147483647;
			files = (
			);
			runOnlyForDeploymentPostprocessing = 0;
		};
/* End PBXFrameworksBuildPhase section */

/* Begin PBXGroup section */
		71027FDC2678F38700824C7A /* Cell */ = {
			isa = PBXGroup;
			children = (
				715E415D267A39D3008D2E64 /* TileCollectionViewCell.swift */,
				71027FDD2678F3B700824C7A /* ItemInfoTableViewCell.swift */,
				71027FDF2678F3CB00824C7A /* ItemSizeAndColorInfoTableViewCell.swift */,
				71027FE12678F40800824C7A /* ItemOtherInfoTableViewCell.swift */,
				715E415F267A560B008D2E64 /* VerticalTileOtherInfoCollectionViewCell.swift */,
				717C2432267D0BD600ABECED /* ItemShippingInfoTableViewCell.swift */,
			);
			path = Cell;
			sourceTree = "<group>";
		};
		71027FE32678FC0A00824C7A /* Service */ = {
			isa = PBXGroup;
			children = (
				717E7A1C267D8C2C000DCFCE /* NetworkService.swift */,
			);
			path = Service;
			sourceTree = "<group>";
		};
		71027FE42678FC1000824C7A /* Utils */ = {
			isa = PBXGroup;
			children = (
				717C2436267D29BE00ABECED /* ViewUtils.swift */,
				71027FEE2679057B00824C7A /* View Component */,
				71027FE52678FC1F00824C7A /* Extension */,
			);
			path = Utils;
			sourceTree = "<group>";
		};
		71027FE52678FC1F00824C7A /* Extension */ = {
			isa = PBXGroup;
			children = (
				717E7A37267E4287000DCFCE /* UIImageView.swift */,
				71027FEA2678FC6700824C7A /* UIAlertController.swift */,
				71027FE82678FC5E00824C7A /* UIColor.swift */,
				71027FEC2678FC9200824C7A /* UIFont.swift */,
				71027FE62678FC3C00824C7A /* NSMutableAttributedString.swift */,
			);
			path = Extension;
			sourceTree = "<group>";
		};
		71027FEE2679057B00824C7A /* View Component */ = {
			isa = PBXGroup;
			children = (
				717E7A20267D8E54000DCFCE /* BadgeButton.swift */,
				717E7A1E267D8CC6000DCFCE /* CustomLoadingIndicatorView.swift */,
				717C2434267D244500ABECED /* CardView.swift */,
				71027FEF2679058900824C7A /* PaddingLabel.swift */,
			);
			path = "View Component";
			sourceTree = "<group>";
		};
		71027FF12679119D00824C7A /* Model */ = {
			isa = PBXGroup;
			children = (
				71027FF2267911C000824C7A /* ProductItemModel.swift */,
			);
			path = Model;
			sourceTree = "<group>";
		};
		7135E4CC267797ED00EF83AD /* ShoppingUI */ = {
			isa = PBXGroup;
			children = (
				71027FF12679119D00824C7A /* Model */,
				71EA2586267B830E00A245BF /* Items Detail View */,
				7135E4CE2677981200EF83AD /* Items View */,
				7135E4CD2677980900EF83AD /* Home */,
			);
			path = ShoppingUI;
			sourceTree = "<group>";
		};
		7135E4CD2677980900EF83AD /* Home */ = {
			isa = PBXGroup;
			children = (
				717E7A33267E3C8B000DCFCE /* Router */,
				717E7A32267E3C82000DCFCE /* Protocol */,
				717E7A31267E3C7B000DCFCE /* View */,
				717E7A30267E3C72000DCFCE /* ViewModel */,
			);
			path = Home;
			sourceTree = "<group>";
		};
		7135E4CE2677981200EF83AD /* Items View */ = {
			isa = PBXGroup;
			children = (
				717E7A25267D94CE000DCFCE /* Router */,
				717E7A24267D94B5000DCFCE /* Protocol */,
				717E7A22267D947A000DCFCE /* View */,
				717E7A23267D948B000DCFCE /* ViewModel */,
			);
			path = "Items View";
			sourceTree = "<group>";
		};
		714D4F7B267787FF0042204C = {
			isa = PBXGroup;
			children = (
				714D4F86267787FF0042204C /* DemoShoppingAppUI */,
				714D4F85267787FF0042204C /* Products */,
			);
			sourceTree = "<group>";
		};
		714D4F85267787FF0042204C /* Products */ = {
			isa = PBXGroup;
			children = (
				714D4F84267787FF0042204C /* DemoShoppingAppUI.app */,
			);
			name = Products;
			sourceTree = "<group>";
		};
		714D4F86267787FF0042204C /* DemoShoppingAppUI */ = {
			isa = PBXGroup;
			children = (
				7135E4CC267797ED00EF83AD /* ShoppingUI */,
				71027FE32678FC0A00824C7A /* Service */,
				71027FE42678FC1000824C7A /* Utils */,
				714D4F87267787FF0042204C /* AppDelegate.swift */,
				714D4F89267787FF0042204C /* SceneDelegate.swift */,
				714D4F90267788010042204C /* Assets.xcassets */,
				714D4F92267788010042204C /* LaunchScreen.storyboard */,
				714D4F95267788010042204C /* Info.plist */,
			);
			path = DemoShoppingAppUI;
			sourceTree = "<group>";
		};
		717825FE267C601C00C6D167 /* Cell */ = {
			isa = PBXGroup;
			children = (
				717825FC267C601700C6D167 /* ItemDetailCaraouselTableViewCell.swift */,
			);
			path = Cell;
			sourceTree = "<group>";
		};
		717E7A22267D947A000DCFCE /* View */ = {
			isa = PBXGroup;
			children = (
				71027FDC2678F38700824C7A /* Cell */,
				7135E4CF2677985600EF83AD /* ItemViewController.swift */,
			);
			path = View;
			sourceTree = "<group>";
		};
		717E7A23267D948B000DCFCE /* ViewModel */ = {
			isa = PBXGroup;
			children = (
				71027FF4267912D500824C7A /* ItemViewViewModel.swift */,
			);
			path = ViewModel;
			sourceTree = "<group>";
		};
		717E7A24267D94B5000DCFCE /* Protocol */ = {
			isa = PBXGroup;
			children = (
				71027FF6267912ED00824C7A /* ItemViewProtocol.swift */,
			);
			path = Protocol;
			sourceTree = "<group>";
		};
		717E7A25267D94CE000DCFCE /* Router */ = {
			isa = PBXGroup;
			children = (
				717C2438267D2C5000ABECED /* ItemViewControllerRouter.swift */,
			);
			path = Router;
			sourceTree = "<group>";
		};
		717E7A26267E3458000DCFCE /* Router */ = {
			isa = PBXGroup;
			children = (
				717E7A2E267E3704000DCFCE /* ItemsDetailViewRouter.swift */,
			);
			path = Router;
			sourceTree = "<group>";
		};
		717E7A27267E3464000DCFCE /* Protocol */ = {
			isa = PBXGroup;
			children = (
				717E7A2C267E3554000DCFCE /* ItemsDetailViewprotocol.swift */,
			);
			path = Protocol;
			sourceTree = "<group>";
		};
		717E7A28267E3471000DCFCE /* ViewModel */ = {
			isa = PBXGroup;
			children = (
				717E7A2A267E3530000DCFCE /* ItemsDetailViewViewModel.swift */,
			);
			path = ViewModel;
			sourceTree = "<group>";
		};
		717E7A29267E3485000DCFCE /* View */ = {
			isa = PBXGroup;
			children = (
				717825FE267C601C00C6D167 /* Cell */,
				71EA2587267B928400A245BF /* ItemsDetailViewController.swift */,
			);
			path = View;
			sourceTree = "<group>";
		};
		717E7A30267E3C72000DCFCE /* ViewModel */ = {
			isa = PBXGroup;
			children = (
				717E7A3D267E531F000DCFCE /* ProductViewControllerViewModel.swift */,
			);
			path = ViewModel;
			sourceTree = "<group>";
		};
		717E7A31267E3C7B000DCFCE /* View */ = {
			isa = PBXGroup;
			children = (
				717E7A34267E41DD000DCFCE /* Cell */,
				714D4F8B267787FF0042204C /* ViewController.swift */,
			);
			path = View;
			sourceTree = "<group>";
		};
		717E7A32267E3C82000DCFCE /* Protocol */ = {
			isa = PBXGroup;
			children = (
				717E7A39267E51C5000DCFCE /* ProductViewControllerProtocol.swift */,
			);
			path = Protocol;
			sourceTree = "<group>";
		};
		717E7A33267E3C8B000DCFCE /* Router */ = {
			isa = PBXGroup;
			children = (
				717E7A3B267E5252000DCFCE /* ProductViewControllerRouter.swift */,
			);
			path = Router;
			sourceTree = "<group>";
		};
		717E7A34267E41DD000DCFCE /* Cell */ = {
			isa = PBXGroup;
			children = (
				717E7A35267E4213000DCFCE /* ProductItemTableViewCell.swift */,
			);
			path = Cell;
			sourceTree = "<group>";
		};
		71EA2586267B830E00A245BF /* Items Detail View */ = {
			isa = PBXGroup;
			children = (
				717E7A26267E3458000DCFCE /* Router */,
				717E7A27267E3464000DCFCE /* Protocol */,
				717E7A29267E3485000DCFCE /* View */,
				717E7A28267E3471000DCFCE /* ViewModel */,
			);
			path = "Items Detail View";
			sourceTree = "<group>";
		};
/* End PBXGroup section */

/* Begin PBXNativeTarget section */
		714D4F83267787FF0042204C /* DemoShoppingAppUI */ = {
			isa = PBXNativeTarget;
			buildConfigurationList = 714D4F98267788010042204C /* Build configuration list for PBXNativeTarget "DemoShoppingAppUI" */;
			buildPhases = (
				714D4F80267787FF0042204C /* Sources */,
				714D4F81267787FF0042204C /* Frameworks */,
				714D4F82267787FF0042204C /* Resources */,
			);
			buildRules = (
			);
			dependencies = (
			);
			name = DemoShoppingAppUI;
			productName = DemoShoppingAppUI;
			productReference = 714D4F84267787FF0042204C /* DemoShoppingAppUI.app */;
			productType = "com.apple.product-type.application";
		};
/* End PBXNativeTarget section */

/* Begin PBXProject section */
		714D4F7C267787FF0042204C /* Project object */ = {
			isa = PBXProject;
			attributes = {
				LastSwiftUpdateCheck = 1250;
				LastUpgradeCheck = 1250;
				TargetAttributes = {
					714D4F83267787FF0042204C = {
						CreatedOnToolsVersion = 12.5;
					};
				};
			};
			buildConfigurationList = 714D4F7F267787FF0042204C /* Build configuration list for PBXProject "DemoShoppingAppUI" */;
			compatibilityVersion = "Xcode 9.3";
			developmentRegion = en;
			hasScannedForEncodings = 0;
			knownRegions = (
				en,
				Base,
			);
			mainGroup = 714D4F7B267787FF0042204C;
			productRefGroup = 714D4F85267787FF0042204C /* Products */;
			projectDirPath = "";
			projectRoot = "";
			targets = (
				714D4F83267787FF0042204C /* DemoShoppingAppUI */,
			);
		};
/* End PBXProject section */

/* Begin PBXResourcesBuildPhase section */
		714D4F82267787FF0042204C /* Resources */ = {
			isa = PBXResourcesBuildPhase;
			buildActionMask = 2147483647;
			files = (
				714D4F94267788010042204C /* LaunchScreen.storyboard in Resources */,
				714D4F91267788010042204C /* Assets.xcassets in Resources */,
			);
			runOnlyForDeploymentPostprocessing = 0;
		};
/* End PBXResourcesBuildPhase section */

/* Begin PBXSourcesBuildPhase section */
		714D4F80267787FF0042204C /* Sources */ = {
			isa = PBXSourcesBuildPhase;
			buildActionMask = 2147483647;
			files = (
				71027FF02679058900824C7A /* PaddingLabel.swift in Sources */,
				71027FE22678F40800824C7A /* ItemOtherInfoTableViewCell.swift in Sources */,
				717E7A36267E4213000DCFCE /* ProductItemTableViewCell.swift in Sources */,
				717C2437267D29BE00ABECED /* ViewUtils.swift in Sources */,
				717C2433267D0BD600ABECED /* ItemShippingInfoTableViewCell.swift in Sources */,
				717E7A1F267D8CC6000DCFCE /* CustomLoadingIndicatorView.swift in Sources */,
				717E7A2F267E3704000DCFCE /* ItemsDetailViewRouter.swift in Sources */,
				717E7A3C267E5252000DCFCE /* ProductViewControllerRouter.swift in Sources */,
				71027FF3267911C000824C7A /* ProductItemModel.swift in Sources */,
				717825FD267C601700C6D167 /* ItemDetailCaraouselTableViewCell.swift in Sources */,
				714D4F8C267787FF0042204C /* ViewController.swift in Sources */,
				71027FF5267912D500824C7A /* ItemViewViewModel.swift in Sources */,
				717C2435267D244500ABECED /* CardView.swift in Sources */,
				717E7A3E267E531F000DCFCE /* ProductViewControllerViewModel.swift in Sources */,
				717E7A2D267E3554000DCFCE /* ItemsDetailViewprotocol.swift in Sources */,
				7135E4D02677985600EF83AD /* ItemViewController.swift in Sources */,
				717E7A38267E4287000DCFCE /* UIImageView.swift in Sources */,
				717E7A1D267D8C2C000DCFCE /* NetworkService.swift in Sources */,
				717E7A3A267E51C5000DCFCE /* ProductViewControllerProtocol.swift in Sources */,
				71027FDE2678F3B700824C7A /* ItemInfoTableViewCell.swift in Sources */,
				717E7A21267D8E54000DCFCE /* BadgeButton.swift in Sources */,
				717E7A2B267E3530000DCFCE /* ItemsDetailViewViewModel.swift in Sources */,
				71027FEB2678FC6700824C7A /* UIAlertController.swift in Sources */,
				717C2439267D2C5000ABECED /* ItemViewControllerRouter.swift in Sources */,
				71027FE92678FC5E00824C7A /* UIColor.swift in Sources */,
				71027FF7267912ED00824C7A /* ItemViewProtocol.swift in Sources */,
				71EA2588267B928400A245BF /* ItemsDetailViewController.swift in Sources */,
				71027FED2678FC9200824C7A /* UIFont.swift in Sources */,
				715E4160267A560B008D2E64 /* VerticalTileOtherInfoCollectionViewCell.swift in Sources */,
				71027FE72678FC3C00824C7A /* NSMutableAttributedString.swift in Sources */,
				715E415E267A39D3008D2E64 /* TileCollectionViewCell.swift in Sources */,
				71027FE02678F3CB00824C7A /* ItemSizeAndColorInfoTableViewCell.swift in Sources */,
				714D4F88267787FF0042204C /* AppDelegate.swift in Sources */,
				714D4F8A267787FF0042204C /* SceneDelegate.swift in Sources */,
			);
			runOnlyForDeploymentPostprocessing = 0;
		};
/* End PBXSourcesBuildPhase section */

/* Begin PBXVariantGroup section */
		714D4F92267788010042204C /* LaunchScreen.storyboard */ = {
			isa = PBXVariantGroup;
			children = (
				714D4F93267788010042204C /* Base */,
			);
			name = LaunchScreen.storyboard;
			sourceTree = "<group>";
		};
/* End PBXVariantGroup section */

/* Begin XCBuildConfiguration section */
		714D4F96267788010042204C /* Debug */ = {
			isa = XCBuildConfiguration;
			buildSettings = {
				ALWAYS_SEARCH_USER_PATHS = NO;
				CLANG_ANALYZER_NONNULL = YES;
				CLANG_ANALYZER_NUMBER_OBJECT_CONVERSION = YES_AGGRESSIVE;
				CLANG_CXX_LANGUAGE_STANDARD = "gnu++14";
				CLANG_CXX_LIBRARY = "libc++";
				CLANG_ENABLE_MODULES = YES;
				CLANG_ENABLE_OBJC_ARC = YES;
				CLANG_ENABLE_OBJC_WEAK = YES;
				CLANG_WARN_BLOCK_CAPTURE_AUTORELEASING = YES;
				CLANG_WARN_BOOL_CONVERSION = YES;
				CLANG_WARN_COMMA = YES;
				CLANG_WARN_CONSTANT_CONVERSION = YES;
				CLANG_WARN_DEPRECATED_OBJC_IMPLEMENTATIONS = YES;
				CLANG_WARN_DIRECT_OBJC_ISA_USAGE = YES_ERROR;
				CLANG_WARN_DOCUMENTATION_COMMENTS = YES;
				CLANG_WARN_EMPTY_BODY = YES;
				CLANG_WARN_ENUM_CONVERSION = YES;
				CLANG_WARN_INFINITE_RECURSION = YES;
				CLANG_WARN_INT_CONVERSION = YES;
				CLANG_WARN_NON_LITERAL_NULL_CONVERSION = YES;
				CLANG_WARN_OBJC_IMPLICIT_RETAIN_SELF = YES;
				CLANG_WARN_OBJC_LITERAL_CONVERSION = YES;
				CLANG_WARN_OBJC_ROOT_CLASS = YES_ERROR;
				CLANG_WARN_QUOTED_INCLUDE_IN_FRAMEWORK_HEADER = YES;
				CLANG_WARN_RANGE_LOOP_ANALYSIS = YES;
				CLANG_WARN_STRICT_PROTOTYPES = YES;
				CLANG_WARN_SUSPICIOUS_MOVE = YES;
				CLANG_WARN_UNGUARDED_AVAILABILITY = YES_AGGRESSIVE;
				CLANG_WARN_UNREACHABLE_CODE = YES;
				CLANG_WARN__DUPLICATE_METHOD_MATCH = YES;
				COPY_PHASE_STRIP = NO;
				DEBUG_INFORMATION_FORMAT = dwarf;
				ENABLE_STRICT_OBJC_MSGSEND = YES;
				ENABLE_TESTABILITY = YES;
				GCC_C_LANGUAGE_STANDARD = gnu11;
				GCC_DYNAMIC_NO_PIC = NO;
				GCC_NO_COMMON_BLOCKS = YES;
				GCC_OPTIMIZATION_LEVEL = 0;
				GCC_PREPROCESSOR_DEFINITIONS = (
					"DEBUG=1",
					"$(inherited)",
				);
				GCC_WARN_64_TO_32_BIT_CONVERSION = YES;
				GCC_WARN_ABOUT_RETURN_TYPE = YES_ERROR;
				GCC_WARN_UNDECLARED_SELECTOR = YES;
				GCC_WARN_UNINITIALIZED_AUTOS = YES_AGGRESSIVE;
				GCC_WARN_UNUSED_FUNCTION = YES;
				GCC_WARN_UNUSED_VARIABLE = YES;
				IPHONEOS_DEPLOYMENT_TARGET = 14.5;
				MTL_ENABLE_DEBUG_INFO = INCLUDE_SOURCE;
				MTL_FAST_MATH = YES;
				ONLY_ACTIVE_ARCH = YES;
				SDKROOT = iphoneos;
				SWIFT_ACTIVE_COMPILATION_CONDITIONS = DEBUG;
				SWIFT_OPTIMIZATION_LEVEL = "-Onone";
			};
			name = Debug;
		};
		714D4F97267788010042204C /* Release */ = {
			isa = XCBuildConfiguration;
			buildSettings = {
				ALWAYS_SEARCH_USER_PATHS = NO;
				CLANG_ANALYZER_NONNULL = YES;
				CLANG_ANALYZER_NUMBER_OBJECT_CONVERSION = YES_AGGRESSIVE;
				CLANG_CXX_LANGUAGE_STANDARD = "gnu++14";
				CLANG_CXX_LIBRARY = "libc++";
				CLANG_ENABLE_MODULES = YES;
				CLANG_ENABLE_OBJC_ARC = YES;
				CLANG_ENABLE_OBJC_WEAK = YES;
				CLANG_WARN_BLOCK_CAPTURE_AUTORELEASING = YES;
				CLANG_WARN_BOOL_CONVERSION = YES;
				CLANG_WARN_COMMA = YES;
				CLANG_WARN_CONSTANT_CONVERSION = YES;
				CLANG_WARN_DEPRECATED_OBJC_IMPLEMENTATIONS = YES;
				CLANG_WARN_DIRECT_OBJC_ISA_USAGE = YES_ERROR;
				CLANG_WARN_DOCUMENTATION_COMMENTS = YES;
				CLANG_WARN_EMPTY_BODY = YES;
				CLANG_WARN_ENUM_CONVERSION = YES;
				CLANG_WARN_INFINITE_RECURSION = YES;
				CLANG_WARN_INT_CONVERSION = YES;
				CLANG_WARN_NON_LITERAL_NULL_CONVERSION = YES;
				CLANG_WARN_OBJC_IMPLICIT_RETAIN_SELF = YES;
				CLANG_WARN_OBJC_LITERAL_CONVERSION = YES;
				CLANG_WARN_OBJC_ROOT_CLASS = YES_ERROR;
				CLANG_WARN_QUOTED_INCLUDE_IN_FRAMEWORK_HEADER = YES;
				CLANG_WARN_RANGE_LOOP_ANALYSIS = YES;
				CLANG_WARN_STRICT_PROTOTYPES = YES;
				CLANG_WARN_SUSPICIOUS_MOVE = YES;
				CLANG_WARN_UNGUARDED_AVAILABILITY = YES_AGGRESSIVE;
				CLANG_WARN_UNREACHABLE_CODE = YES;
				CLANG_WARN__DUPLICATE_METHOD_MATCH = YES;
				COPY_PHASE_STRIP = NO;
				DEBUG_INFORMATION_FORMAT = "dwarf-with-dsym";
				ENABLE_NS_ASSERTIONS = NO;
				ENABLE_STRICT_OBJC_MSGSEND = YES;
				GCC_C_LANGUAGE_STANDARD = gnu11;
				GCC_NO_COMMON_BLOCKS = YES;
				GCC_WARN_64_TO_32_BIT_CONVERSION = YES;
				GCC_WARN_ABOUT_RETURN_TYPE = YES_ERROR;
				GCC_WARN_UNDECLARED_SELECTOR = YES;
				GCC_WARN_UNINITIALIZED_AUTOS = YES_AGGRESSIVE;
				GCC_WARN_UNUSED_FUNCTION = YES;
				GCC_WARN_UNUSED_VARIABLE = YES;
				IPHONEOS_DEPLOYMENT_TARGET = 14.5;
				MTL_ENABLE_DEBUG_INFO = NO;
				MTL_FAST_MATH = YES;
				SDKROOT = iphoneos;
				SWIFT_COMPILATION_MODE = wholemodule;
				SWIFT_OPTIMIZATION_LEVEL = "-O";
				VALIDATE_PRODUCT = YES;
			};
			name = Release;
		};
		714D4F99267788010042204C /* Debug */ = {
			isa = XCBuildConfiguration;
			buildSettings = {
				ASSETCATALOG_COMPILER_APPICON_NAME = AppIcon;
				ASSETCATALOG_COMPILER_GLOBAL_ACCENT_COLOR_NAME = AccentColor;
				CODE_SIGN_STYLE = Automatic;
				DEVELOPMENT_TEAM = 7449R7248Z;
				INFOPLIST_FILE = DemoShoppingAppUI/Info.plist;
				LD_RUNPATH_SEARCH_PATHS = (
					"$(inherited)",
					"@executable_path/Frameworks",
				);
				PRODUCT_BUNDLE_IDENTIFIER = com.DemoShoppingAppUI;
				PRODUCT_NAME = "$(TARGET_NAME)";
				SWIFT_VERSION = 5.0;
				TARGETED_DEVICE_FAMILY = "1,2";
			};
			name = Debug;
		};
		714D4F9A267788010042204C /* Release */ = {
			isa = XCBuildConfiguration;
			buildSettings = {
				ASSETCATALOG_COMPILER_APPICON_NAME = AppIcon;
				ASSETCATALOG_COMPILER_GLOBAL_ACCENT_COLOR_NAME = AccentColor;
				CODE_SIGN_STYLE = Automatic;
				DEVELOPMENT_TEAM = 7449R7248Z;
				INFOPLIST_FILE = DemoShoppingAppUI/Info.plist;
				LD_RUNPATH_SEARCH_PATHS = (
					"$(inherited)",
					"@executable_path/Frameworks",
				);
				PRODUCT_BUNDLE_IDENTIFIER = com.DemoShoppingAppUI;
				PRODUCT_NAME = "$(TARGET_NAME)";
				SWIFT_VERSION = 5.0;
				TARGETED_DEVICE_FAMILY = "1,2";
			};
			name = Release;
		};
/* End XCBuildConfiguration section */

/* Begin XCConfigurationList section */
		714D4F7F267787FF0042204C /* Build configuration list for PBXProject "DemoShoppingAppUI" */ = {
			isa = XCConfigurationList;
			buildConfigurations = (
				714D4F96267788010042204C /* Debug */,
				714D4F97267788010042204C /* Release */,
			);
			defaultConfigurationIsVisible = 0;
			defaultConfigurationName = Release;
		};
		714D4F98267788010042204C /* Build configuration list for PBXNativeTarget "DemoShoppingAppUI" */ = {
			isa = XCConfigurationList;
			buildConfigurations = (
				714D4F99267788010042204C /* Debug */,
				714D4F9A267788010042204C /* Release */,
			);
			defaultConfigurationIsVisible = 0;
			defaultConfigurationName = Release;
		};
/* End XCConfigurationList section */
	};
	rootObject = 714D4F7C267787FF0042204C /* Project object */;
}
